# THIS IS AN AUTOGENERATED FILE. DO NOT EDIT THIS FILE DIRECTLY.
# yarn lockfile v1


"@adraffy/ens-normalize@1.10.0":
  version "1.10.0"
  resolved "https://registry.yarnpkg.com/@adraffy/ens-normalize/-/ens-normalize-1.10.0.tgz#d2a39395c587e092d77cbbc80acf956a54f38bf7"
  integrity sha512-nA9XHtlAkYfJxY7bce8DcN7eKxWWCWkU+1GR9d+U6MbNpfwQp8TI7vqOsBsMcHoT4mBu2kypKoSKnghEzOOq5Q==

"@babel/parser@^7.23.6":
  version "7.23.6"
  resolved "https://registry.yarnpkg.com/@babel/parser/-/parser-7.23.6.tgz#ba1c9e512bda72a47e285ae42aff9d2a635a9e3b"
  integrity sha512-Z2uID7YJ7oNvAI20O9X0bblw7Qqs8Q2hFy0R9tAfnfLkp5MW0UH9eUvnDSnFwKZ0AvgS1ucqR4KzvVHgnke1VQ==

"@esbuild/aix-ppc64@0.19.11":
  version "0.19.11"
  resolved "https://registry.yarnpkg.com/@esbuild/aix-ppc64/-/aix-ppc64-0.19.11.tgz#2acd20be6d4f0458bc8c784103495ff24f13b1d3"
  integrity sha512-FnzU0LyE3ySQk7UntJO4+qIiQgI7KoODnZg5xzXIrFJlKd2P2gwHsHY4927xj9y5PJmJSzULiUCWmv7iWnNa7g==

"@esbuild/android-arm64@0.19.11":
  version "0.19.11"
  resolved "https://registry.yarnpkg.com/@esbuild/android-arm64/-/android-arm64-0.19.11.tgz#b45d000017385c9051a4f03e17078abb935be220"
  integrity sha512-aiu7K/5JnLj//KOnOfEZ0D90obUkRzDMyqd/wNAUQ34m4YUPVhRZpnqKV9uqDGxT7cToSDnIHsGooyIczu9T+Q==

"@esbuild/android-arm@0.19.11":
  version "0.19.11"
  resolved "https://registry.yarnpkg.com/@esbuild/android-arm/-/android-arm-0.19.11.tgz#f46f55414e1c3614ac682b29977792131238164c"
  integrity sha512-5OVapq0ClabvKvQ58Bws8+wkLCV+Rxg7tUVbo9xu034Nm536QTII4YzhaFriQ7rMrorfnFKUsArD2lqKbFY4vw==

"@esbuild/android-x64@0.19.11":
  version "0.19.11"
  resolved "https://registry.yarnpkg.com/@esbuild/android-x64/-/android-x64-0.19.11.tgz#bfc01e91740b82011ef503c48f548950824922b2"
  integrity sha512-eccxjlfGw43WYoY9QgB82SgGgDbibcqyDTlk3l3C0jOVHKxrjdc9CTwDUQd0vkvYg5um0OH+GpxYvp39r+IPOg==

"@esbuild/darwin-arm64@0.19.11":
  version "0.19.11"
  resolved "https://registry.yarnpkg.com/@esbuild/darwin-arm64/-/darwin-arm64-0.19.11.tgz#533fb7f5a08c37121d82c66198263dcc1bed29bf"
  integrity sha512-ETp87DRWuSt9KdDVkqSoKoLFHYTrkyz2+65fj9nfXsaV3bMhTCjtQfw3y+um88vGRKRiF7erPrh/ZuIdLUIVxQ==

"@esbuild/darwin-x64@0.19.11":
  version "0.19.11"
  resolved "https://registry.yarnpkg.com/@esbuild/darwin-x64/-/darwin-x64-0.19.11.tgz#62f3819eff7e4ddc656b7c6815a31cf9a1e7d98e"
  integrity sha512-fkFUiS6IUK9WYUO/+22omwetaSNl5/A8giXvQlcinLIjVkxwTLSktbF5f/kJMftM2MJp9+fXqZ5ezS7+SALp4g==

"@esbuild/freebsd-arm64@0.19.11":
  version "0.19.11"
  resolved "https://registry.yarnpkg.com/@esbuild/freebsd-arm64/-/freebsd-arm64-0.19.11.tgz#d478b4195aa3ca44160272dab85ef8baf4175b4a"
  integrity sha512-lhoSp5K6bxKRNdXUtHoNc5HhbXVCS8V0iZmDvyWvYq9S5WSfTIHU2UGjcGt7UeS6iEYp9eeymIl5mJBn0yiuxA==

"@esbuild/freebsd-x64@0.19.11":
  version "0.19.11"
  resolved "https://registry.yarnpkg.com/@esbuild/freebsd-x64/-/freebsd-x64-0.19.11.tgz#7bdcc1917409178257ca6a1a27fe06e797ec18a2"
  integrity sha512-JkUqn44AffGXitVI6/AbQdoYAq0TEullFdqcMY/PCUZ36xJ9ZJRtQabzMA+Vi7r78+25ZIBosLTOKnUXBSi1Kw==

"@esbuild/linux-arm64@0.19.11":
  version "0.19.11"
  resolved "https://registry.yarnpkg.com/@esbuild/linux-arm64/-/linux-arm64-0.19.11.tgz#58ad4ff11685fcc735d7ff4ca759ab18fcfe4545"
  integrity sha512-LneLg3ypEeveBSMuoa0kwMpCGmpu8XQUh+mL8XXwoYZ6Be2qBnVtcDI5azSvh7vioMDhoJFZzp9GWp9IWpYoUg==

"@esbuild/linux-arm@0.19.11":
  version "0.19.11"
  resolved "https://registry.yarnpkg.com/@esbuild/linux-arm/-/linux-arm-0.19.11.tgz#ce82246d873b5534d34de1e5c1b33026f35e60e3"
  integrity sha512-3CRkr9+vCV2XJbjwgzjPtO8T0SZUmRZla+UL1jw+XqHZPkPgZiyWvbDvl9rqAN8Zl7qJF0O/9ycMtjU67HN9/Q==

"@esbuild/linux-ia32@0.19.11":
  version "0.19.11"
  resolved "https://registry.yarnpkg.com/@esbuild/linux-ia32/-/linux-ia32-0.19.11.tgz#cbae1f313209affc74b80f4390c4c35c6ab83fa4"
  integrity sha512-caHy++CsD8Bgq2V5CodbJjFPEiDPq8JJmBdeyZ8GWVQMjRD0sU548nNdwPNvKjVpamYYVL40AORekgfIubwHoA==

"@esbuild/linux-loong64@0.19.11":
  version "0.19.11"
  resolved "https://registry.yarnpkg.com/@esbuild/linux-loong64/-/linux-loong64-0.19.11.tgz#5f32aead1c3ec8f4cccdb7ed08b166224d4e9121"
  integrity sha512-ppZSSLVpPrwHccvC6nQVZaSHlFsvCQyjnvirnVjbKSHuE5N24Yl8F3UwYUUR1UEPaFObGD2tSvVKbvR+uT1Nrg==

"@esbuild/linux-mips64el@0.19.11":
  version "0.19.11"
  resolved "https://registry.yarnpkg.com/@esbuild/linux-mips64el/-/linux-mips64el-0.19.11.tgz#38eecf1cbb8c36a616261de858b3c10d03419af9"
  integrity sha512-B5x9j0OgjG+v1dF2DkH34lr+7Gmv0kzX6/V0afF41FkPMMqaQ77pH7CrhWeR22aEeHKaeZVtZ6yFwlxOKPVFyg==

"@esbuild/linux-ppc64@0.19.11":
  version "0.19.11"
  resolved "https://registry.yarnpkg.com/@esbuild/linux-ppc64/-/linux-ppc64-0.19.11.tgz#9c5725a94e6ec15b93195e5a6afb821628afd912"
  integrity sha512-MHrZYLeCG8vXblMetWyttkdVRjQlQUb/oMgBNurVEnhj4YWOr4G5lmBfZjHYQHHN0g6yDmCAQRR8MUHldvvRDA==

"@esbuild/linux-riscv64@0.19.11":
  version "0.19.11"
  resolved "https://registry.yarnpkg.com/@esbuild/linux-riscv64/-/linux-riscv64-0.19.11.tgz#2dc4486d474a2a62bbe5870522a9a600e2acb916"
  integrity sha512-f3DY++t94uVg141dozDu4CCUkYW+09rWtaWfnb3bqe4w5NqmZd6nPVBm+qbz7WaHZCoqXqHz5p6CM6qv3qnSSQ==

"@esbuild/linux-s390x@0.19.11":
  version "0.19.11"
  resolved "https://registry.yarnpkg.com/@esbuild/linux-s390x/-/linux-s390x-0.19.11.tgz#4ad8567df48f7dd4c71ec5b1753b6f37561a65a8"
  integrity sha512-A5xdUoyWJHMMlcSMcPGVLzYzpcY8QP1RtYzX5/bS4dvjBGVxdhuiYyFwp7z74ocV7WDc0n1harxmpq2ePOjI0Q==

"@esbuild/linux-x64@0.19.11":
  version "0.19.11"
  resolved "https://registry.yarnpkg.com/@esbuild/linux-x64/-/linux-x64-0.19.11.tgz#b7390c4d5184f203ebe7ddaedf073df82a658766"
  integrity sha512-grbyMlVCvJSfxFQUndw5mCtWs5LO1gUlwP4CDi4iJBbVpZcqLVT29FxgGuBJGSzyOxotFG4LoO5X+M1350zmPA==

"@esbuild/netbsd-x64@0.19.11":
  version "0.19.11"
  resolved "https://registry.yarnpkg.com/@esbuild/netbsd-x64/-/netbsd-x64-0.19.11.tgz#d633c09492a1721377f3bccedb2d821b911e813d"
  integrity sha512-13jvrQZJc3P230OhU8xgwUnDeuC/9egsjTkXN49b3GcS5BKvJqZn86aGM8W9pd14Kd+u7HuFBMVtrNGhh6fHEQ==

"@esbuild/openbsd-x64@0.19.11":
  version "0.19.11"
  resolved "https://registry.yarnpkg.com/@esbuild/openbsd-x64/-/openbsd-x64-0.19.11.tgz#17388c76e2f01125bf831a68c03a7ffccb65d1a2"
  integrity sha512-ysyOGZuTp6SNKPE11INDUeFVVQFrhcNDVUgSQVDzqsqX38DjhPEPATpid04LCoUr2WXhQTEZ8ct/EgJCUDpyNw==

"@esbuild/sunos-x64@0.19.11":
  version "0.19.11"
  resolved "https://registry.yarnpkg.com/@esbuild/sunos-x64/-/sunos-x64-0.19.11.tgz#e320636f00bb9f4fdf3a80e548cb743370d41767"
  integrity sha512-Hf+Sad9nVwvtxy4DXCZQqLpgmRTQqyFyhT3bZ4F2XlJCjxGmRFF0Shwn9rzhOYRB61w9VMXUkxlBy56dk9JJiQ==

"@esbuild/win32-arm64@0.19.11":
  version "0.19.11"
  resolved "https://registry.yarnpkg.com/@esbuild/win32-arm64/-/win32-arm64-0.19.11.tgz#c778b45a496e90b6fc373e2a2bb072f1441fe0ee"
  integrity sha512-0P58Sbi0LctOMOQbpEOvOL44Ne0sqbS0XWHMvvrg6NE5jQ1xguCSSw9jQeUk2lfrXYsKDdOe6K+oZiwKPilYPQ==

"@esbuild/win32-ia32@0.19.11":
  version "0.19.11"
  resolved "https://registry.yarnpkg.com/@esbuild/win32-ia32/-/win32-ia32-0.19.11.tgz#481a65fee2e5cce74ec44823e6b09ecedcc5194c"
  integrity sha512-6YOrWS+sDJDmshdBIQU+Uoyh7pQKrdykdefC1avn76ss5c+RN6gut3LZA4E2cH5xUEp5/cA0+YxRaVtRAb0xBg==

"@esbuild/win32-x64@0.19.11":
  version "0.19.11"
  resolved "https://registry.yarnpkg.com/@esbuild/win32-x64/-/win32-x64-0.19.11.tgz#a5d300008960bb39677c46bf16f53ec70d8dee04"
  integrity sha512-vfkhltrjCAb603XaFhqhAF4LGDi2M4OrCRrFusyQ+iTLQ/o60QQXxc9cZC/FFpihBI9N1Grn6SMKVJ4KP7Fuiw==

"@jridgewell/sourcemap-codec@^1.4.15":
  version "1.4.15"
  resolved "https://registry.yarnpkg.com/@jridgewell/sourcemap-codec/-/sourcemap-codec-1.4.15.tgz#d7c6e6755c78567a951e04ab52ef0fd26de59f32"
  integrity sha512-eF2rxCRulEKXHTRiDrDy6erMYWqNw4LPdQ8UQA4huuxaQsVeRPFl2oM8oDGxMFhJUWZf9McpLtJasDDZb/Bpeg==

"@noble/curves@1.2.0":
  version "1.2.0"
  resolved "https://registry.yarnpkg.com/@noble/curves/-/curves-1.2.0.tgz#92d7e12e4e49b23105a2555c6984d41733d65c35"
  integrity sha512-oYclrNgRaM9SsBUBVbb8M6DTV7ZHRTKugureoYEncY5c65HOmRzvSiTE3y5CYaPYJA/GVkrhXEoF0M3Ya9PMnw==
  dependencies:
    "@noble/hashes" "1.3.2"

"@noble/hashes@1.3.2":
  version "1.3.2"
  resolved "https://registry.yarnpkg.com/@noble/hashes/-/hashes-1.3.2.tgz#6f26dbc8fbc7205873ce3cee2f690eba0d421b39"
  integrity sha512-MVC8EAQp7MvEcm30KWENFjgR+Mkmf+D189XJTkFIlwohU5hcBbn1ZkKq7KVTi2Hme3PMGF390DaL52beVrIihQ==

"@rollup/rollup-android-arm-eabi@4.9.6":
  version "4.9.6"
  resolved "https://registry.yarnpkg.com/@rollup/rollup-android-arm-eabi/-/rollup-android-arm-eabi-4.9.6.tgz#66b8d9cb2b3a474d115500f9ebaf43e2126fe496"
  integrity sha512-MVNXSSYN6QXOulbHpLMKYi60ppyO13W9my1qogeiAqtjb2yR4LSmfU2+POvDkLzhjYLXz9Rf9+9a3zFHW1Lecg==

"@rollup/rollup-android-arm64@4.9.6":
  version "4.9.6"
  resolved "https://registry.yarnpkg.com/@rollup/rollup-android-arm64/-/rollup-android-arm64-4.9.6.tgz#46327d5b86420d2307946bec1535fdf00356e47d"
  integrity sha512-T14aNLpqJ5wzKNf5jEDpv5zgyIqcpn1MlwCrUXLrwoADr2RkWA0vOWP4XxbO9aiO3dvMCQICZdKeDrFl7UMClw==

"@rollup/rollup-darwin-arm64@4.9.6":
  version "4.9.6"
  resolved "https://registry.yarnpkg.com/@rollup/rollup-darwin-arm64/-/rollup-darwin-arm64-4.9.6.tgz#166987224d2f8b1e2fd28ee90c447d52271d5e90"
  integrity sha512-CqNNAyhRkTbo8VVZ5R85X73H3R5NX9ONnKbXuHisGWC0qRbTTxnF1U4V9NafzJbgGM0sHZpdO83pLPzq8uOZFw==

"@rollup/rollup-darwin-x64@4.9.6":
  version "4.9.6"
  resolved "https://registry.yarnpkg.com/@rollup/rollup-darwin-x64/-/rollup-darwin-x64-4.9.6.tgz#a2e6e096f74ccea6e2f174454c26aef6bcdd1274"
  integrity sha512-zRDtdJuRvA1dc9Mp6BWYqAsU5oeLixdfUvkTHuiYOHwqYuQ4YgSmi6+/lPvSsqc/I0Omw3DdICx4Tfacdzmhog==

"@rollup/rollup-linux-arm-gnueabihf@4.9.6":
  version "4.9.6"
  resolved "https://registry.yarnpkg.com/@rollup/rollup-linux-arm-gnueabihf/-/rollup-linux-arm-gnueabihf-4.9.6.tgz#09fcd4c55a2d6160c5865fec708a8e5287f30515"
  integrity sha512-oNk8YXDDnNyG4qlNb6is1ojTOGL/tRhbbKeE/YuccItzerEZT68Z9gHrY3ROh7axDc974+zYAPxK5SH0j/G+QQ==

"@rollup/rollup-linux-arm64-gnu@4.9.6":
  version "4.9.6"
  resolved "https://registry.yarnpkg.com/@rollup/rollup-linux-arm64-gnu/-/rollup-linux-arm64-gnu-4.9.6.tgz#19a3c0b6315c747ca9acf86e9b710cc2440f83c9"
  integrity sha512-Z3O60yxPtuCYobrtzjo0wlmvDdx2qZfeAWTyfOjEDqd08kthDKexLpV97KfAeUXPosENKd8uyJMRDfFMxcYkDQ==

"@rollup/rollup-linux-arm64-musl@4.9.6":
  version "4.9.6"
  resolved "https://registry.yarnpkg.com/@rollup/rollup-linux-arm64-musl/-/rollup-linux-arm64-musl-4.9.6.tgz#94aaf95fdaf2ad9335983a4552759f98e6b2e850"
  integrity sha512-gpiG0qQJNdYEVad+1iAsGAbgAnZ8j07FapmnIAQgODKcOTjLEWM9sRb+MbQyVsYCnA0Im6M6QIq6ax7liws6eQ==

"@rollup/rollup-linux-riscv64-gnu@4.9.6":
  version "4.9.6"
  resolved "https://registry.yarnpkg.com/@rollup/rollup-linux-riscv64-gnu/-/rollup-linux-riscv64-gnu-4.9.6.tgz#160510e63f4b12618af4013bddf1761cf9fc9880"
  integrity sha512-+uCOcvVmFUYvVDr27aiyun9WgZk0tXe7ThuzoUTAukZJOwS5MrGbmSlNOhx1j80GdpqbOty05XqSl5w4dQvcOA==

"@rollup/rollup-linux-x64-gnu@4.9.6":
  version "4.9.6"
  resolved "https://registry.yarnpkg.com/@rollup/rollup-linux-x64-gnu/-/rollup-linux-x64-gnu-4.9.6.tgz#5ac5d068ce0726bd0a96ca260d5bd93721c0cb98"
  integrity sha512-HUNqM32dGzfBKuaDUBqFB7tP6VMN74eLZ33Q9Y1TBqRDn+qDonkAUyKWwF9BR9unV7QUzffLnz9GrnKvMqC/fw==

"@rollup/rollup-linux-x64-musl@4.9.6":
  version "4.9.6"
  resolved "https://registry.yarnpkg.com/@rollup/rollup-linux-x64-musl/-/rollup-linux-x64-musl-4.9.6.tgz#bafa759ab43e8eab9edf242a8259ffb4f2a57a5d"
  integrity sha512-ch7M+9Tr5R4FK40FHQk8VnML0Szi2KRujUgHXd/HjuH9ifH72GUmw6lStZBo3c3GB82vHa0ZoUfjfcM7JiiMrQ==

"@rollup/rollup-win32-arm64-msvc@4.9.6":
  version "4.9.6"
  resolved "https://registry.yarnpkg.com/@rollup/rollup-win32-arm64-msvc/-/rollup-win32-arm64-msvc-4.9.6.tgz#1cc3416682e5a20d8f088f26657e6e47f8db468e"
  integrity sha512-VD6qnR99dhmTQ1mJhIzXsRcTBvTjbfbGGwKAHcu+52cVl15AC/kplkhxzW/uT0Xl62Y/meBKDZvoJSJN+vTeGA==

"@rollup/rollup-win32-ia32-msvc@4.9.6":
  version "4.9.6"
  resolved "https://registry.yarnpkg.com/@rollup/rollup-win32-ia32-msvc/-/rollup-win32-ia32-msvc-4.9.6.tgz#7d2251e1aa5e8a1e47c86891fe4547a939503461"
  integrity sha512-J9AFDq/xiRI58eR2NIDfyVmTYGyIZmRcvcAoJ48oDld/NTR8wyiPUu2X/v1navJ+N/FGg68LEbX3Ejd6l8B7MQ==

"@rollup/rollup-win32-x64-msvc@4.9.6":
  version "4.9.6"
  resolved "https://registry.yarnpkg.com/@rollup/rollup-win32-x64-msvc/-/rollup-win32-x64-msvc-4.9.6.tgz#2c1fb69e02a3f1506f52698cfdc3a8b6386df9a6"
  integrity sha512-jqzNLhNDvIZOrt69Ce4UjGRpXJBzhUBzawMwnaDAwyHriki3XollsewxWzOzz+4yOFDkuJHtTsZFwMxhYJWmLQ==

"@types/estree@1.0.5":
  version "1.0.5"
  resolved "https://registry.yarnpkg.com/@types/estree/-/estree-1.0.5.tgz#a6ce3e556e00fd9895dd872dd172ad0d4bd687f4"
  integrity sha512-/kYRxGDLWzHOB7q+wtSUQlFrtcdUccpfy+X+9iMBpHK8QLLhx2wIPYuS5DYtR9Wa/YlZAbIovy7qVdB1Aq6Lyw==

"@types/node@18.15.13":
  version "18.15.13"
  resolved "https://registry.yarnpkg.com/@types/node/-/node-18.15.13.tgz#f64277c341150c979e42b00e4ac289290c9df469"
  integrity sha512-N+0kuo9KgrUQ1Sn/ifDXsvg0TTleP7rIy4zOBGECxAljqvqfqpTfzx0Q1NUedOixRMBfe2Whhb056a42cWs26Q==

"@vitejs/plugin-vue@^4.5.2":
  version "4.6.2"
  resolved "https://registry.yarnpkg.com/@vitejs/plugin-vue/-/plugin-vue-4.6.2.tgz#057d2ded94c4e71b94e9814f92dcd9306317aa46"
  integrity sha512-kqf7SGFoG+80aZG6Pf+gsZIVvGSCKE98JbiWqcCV9cThtg91Jav0yvYFC9Zb+jKetNGF6ZKeoaxgZfND21fWKw==

"@volar/language-core@1.11.1", "@volar/language-core@~1.11.1":
  version "1.11.1"
  resolved "https://registry.yarnpkg.com/@volar/language-core/-/language-core-1.11.1.tgz#ecdf12ea8dc35fb8549e517991abcbf449a5ad4f"
  integrity sha512-dOcNn3i9GgZAcJt43wuaEykSluAuOkQgzni1cuxLxTV0nJKanQztp7FxyswdRILaKH+P2XZMPRp2S4MV/pElCw==
  dependencies:
    "@volar/source-map" "1.11.1"

"@volar/source-map@1.11.1", "@volar/source-map@~1.11.1":
  version "1.11.1"
  resolved "https://registry.yarnpkg.com/@volar/source-map/-/source-map-1.11.1.tgz#535b0328d9e2b7a91dff846cab4058e191f4452f"
  integrity sha512-hJnOnwZ4+WT5iupLRnuzbULZ42L7BWWPMmruzwtLhJfpDVoZLjNBxHDi2sY2bgZXCKlpU5XcsMFoYrsQmPhfZg==
  dependencies:
    muggle-string "^0.3.1"

"@volar/typescript@~1.11.1":
  version "1.11.1"
  resolved "https://registry.yarnpkg.com/@volar/typescript/-/typescript-1.11.1.tgz#ba86c6f326d88e249c7f5cfe4b765be3946fd627"
  integrity sha512-iU+t2mas/4lYierSnoFOeRFQUhAEMgsFuQxoxvwn5EdQopw43j+J27a4lt9LMInx1gLJBC6qL14WYGlgymaSMQ==
  dependencies:
    "@volar/language-core" "1.11.1"
    path-browserify "^1.0.1"

"@vue/compiler-core@3.4.15":
  version "3.4.15"
  resolved "https://registry.yarnpkg.com/@vue/compiler-core/-/compiler-core-3.4.15.tgz#be20d1bbe19626052500b48969302cb6f396d36e"
  integrity sha512-XcJQVOaxTKCnth1vCxEChteGuwG6wqnUHxAm1DO3gCz0+uXKaJNx8/digSz4dLALCy8n2lKq24jSUs8segoqIw==
  dependencies:
    "@babel/parser" "^7.23.6"
    "@vue/shared" "3.4.15"
    entities "^4.5.0"
    estree-walker "^2.0.2"
    source-map-js "^1.0.2"

"@vue/compiler-dom@3.4.15", "@vue/compiler-dom@^3.3.0":
  version "3.4.15"
  resolved "https://registry.yarnpkg.com/@vue/compiler-dom/-/compiler-dom-3.4.15.tgz#753f5ed55f78d33dff04701fad4d76ff0cf81ee5"
  integrity sha512-wox0aasVV74zoXyblarOM3AZQz/Z+OunYcIHe1OsGclCHt8RsRm04DObjefaI82u6XDzv+qGWZ24tIsRAIi5MQ==
  dependencies:
    "@vue/compiler-core" "3.4.15"
    "@vue/shared" "3.4.15"

"@vue/compiler-sfc@3.4.15":
  version "3.4.15"
  resolved "https://registry.yarnpkg.com/@vue/compiler-sfc/-/compiler-sfc-3.4.15.tgz#4e5811e681955fcec886cebbec483f6ae463a64b"
  integrity sha512-LCn5M6QpkpFsh3GQvs2mJUOAlBQcCco8D60Bcqmf3O3w5a+KWS5GvYbrrJBkgvL1BDnTp+e8q0lXCLgHhKguBA==
  dependencies:
    "@babel/parser" "^7.23.6"
    "@vue/compiler-core" "3.4.15"
    "@vue/compiler-dom" "3.4.15"
    "@vue/compiler-ssr" "3.4.15"
    "@vue/shared" "3.4.15"
    estree-walker "^2.0.2"
    magic-string "^0.30.5"
    postcss "^8.4.33"
    source-map-js "^1.0.2"

"@vue/compiler-ssr@3.4.15":
  version "3.4.15"
  resolved "https://registry.yarnpkg.com/@vue/compiler-ssr/-/compiler-ssr-3.4.15.tgz#a910a5b89ba4f0a776e40b63d69bdae2f50616cf"
  integrity sha512-1jdeQyiGznr8gjFDadVmOJqZiLNSsMa5ZgqavkPZ8O2wjHv0tVuAEsw5hTdUoUW4232vpBbL/wJhzVW/JwY1Uw==
  dependencies:
    "@vue/compiler-dom" "3.4.15"
    "@vue/shared" "3.4.15"

"@vue/language-core@1.8.27":
  version "1.8.27"
  resolved "https://registry.yarnpkg.com/@vue/language-core/-/language-core-1.8.27.tgz#2ca6892cb524e024a44e554e4c55d7a23e72263f"
  integrity sha512-L8Kc27VdQserNaCUNiSFdDl9LWT24ly8Hpwf1ECy3aFb9m6bDhBGQYOujDm21N7EW3moKIOKEanQwe1q5BK+mA==
  dependencies:
    "@volar/language-core" "~1.11.1"
    "@volar/source-map" "~1.11.1"
    "@vue/compiler-dom" "^3.3.0"
    "@vue/shared" "^3.3.0"
    computeds "^0.0.1"
    minimatch "^9.0.3"
    muggle-string "^0.3.1"
    path-browserify "^1.0.1"
    vue-template-compiler "^2.7.14"

"@vue/reactivity@3.4.15":
  version "3.4.15"
  resolved "https://registry.yarnpkg.com/@vue/reactivity/-/reactivity-3.4.15.tgz#ad9d9b83f5398d2e8660ad5cfc0f171e7679a9a1"
  integrity sha512-55yJh2bsff20K5O84MxSvXKPHHt17I2EomHznvFiJCAZpJTNW8IuLj1xZWMLELRhBK3kkFV/1ErZGHJfah7i7w==
  dependencies:
    "@vue/shared" "3.4.15"

"@vue/runtime-core@3.4.15":
  version "3.4.15"
  resolved "https://registry.yarnpkg.com/@vue/runtime-core/-/runtime-core-3.4.15.tgz#f81e2fd2108ea41a6d5c61c2462b11dfb754fdf0"
  integrity sha512-6E3by5m6v1AkW0McCeAyhHTw+3y17YCOKG0U0HDKDscV4Hs0kgNT5G+GCHak16jKgcCDHpI9xe5NKb8sdLCLdw==
  dependencies:
    "@vue/reactivity" "3.4.15"
    "@vue/shared" "3.4.15"

"@vue/runtime-dom@3.4.15":
  version "3.4.15"
  resolved "https://registry.yarnpkg.com/@vue/runtime-dom/-/runtime-dom-3.4.15.tgz#108ef86aa7334ead5d6b9c56a7d93679e1e45406"
  integrity sha512-EVW8D6vfFVq3V/yDKNPBFkZKGMFSvZrUQmx196o/v2tHKdwWdiZjYUBS+0Ez3+ohRyF8Njwy/6FH5gYJ75liUw==
  dependencies:
    "@vue/runtime-core" "3.4.15"
    "@vue/shared" "3.4.15"
    csstype "^3.1.3"

"@vue/server-renderer@3.4.15":
  version "3.4.15"
  resolved "https://registry.yarnpkg.com/@vue/server-renderer/-/server-renderer-3.4.15.tgz#34438f998e6f6370fac78883a75efe136631957f"
  integrity sha512-3HYzaidu9cHjrT+qGUuDhFYvF/j643bHC6uUN9BgM11DVy+pM6ATsG6uPBLnkwOgs7BpJABReLmpL3ZPAsUaqw==
  dependencies:
    "@vue/compiler-ssr" "3.4.15"
    "@vue/shared" "3.4.15"

"@vue/shared@3.4.15", "@vue/shared@^3.3.0":
  version "3.4.15"
  resolved "https://registry.yarnpkg.com/@vue/shared/-/shared-3.4.15.tgz#e7d2ea050c667480cb5e1a6df2ac13bcd03a8f30"
  integrity sha512-KzfPTxVaWfB+eGcGdbSf4CWdaXcGDqckoeXUh7SB3fZdEtzPCK2Vq9B/lRRL3yutax/LWITz+SwvgyOxz5V75g==

aes-js@4.0.0-beta.5:
  version "4.0.0-beta.5"
  resolved "https://registry.yarnpkg.com/aes-js/-/aes-js-4.0.0-beta.5.tgz#8d2452c52adedebc3a3e28465d858c11ca315873"
  integrity sha512-G965FqalsNyrPqgEGON7nIx1e/OVENSgiEIzyC63haUMuvNnwIgIjMs52hlTCKhkBny7A2ORNlfY9Zu+jmGk1Q==

balanced-match@^1.0.0:
  version "1.0.2"
  resolved "https://registry.yarnpkg.com/balanced-match/-/balanced-match-1.0.2.tgz#e83e3a7e3f300b34cb9d87f615fa0cbf357690ee"
  integrity sha512-3oSeUO0TMV67hN1AmbXsK4yaqU7tjiHlbxRDZOpH0KW9+CeX4bRAaX0Anxt0tx2MrpRpWwQaPwIlISEJhYU5Pw==

brace-expansion@^2.0.1:
  version "2.0.1"
  resolved "https://registry.yarnpkg.com/brace-expansion/-/brace-expansion-2.0.1.tgz#1edc459e0f0c548486ecf9fc99f2221364b9a0ae"
  integrity sha512-XnAIvQ8eM+kC6aULx6wuQiwVsnzsi9d3WxzV3FpWTGA19F621kwdbsAcFKXgKUHZWsy+mY6iL1sHTxWEFCytDA==
  dependencies:
    balanced-match "^1.0.0"

computeds@^0.0.1:
  version "0.0.1"
  resolved "https://registry.yarnpkg.com/computeds/-/computeds-0.0.1.tgz#215b08a4ba3e08a11ff6eee5d6d8d7166a97ce2e"
  integrity sha512-7CEBgcMjVmitjYo5q8JTJVra6X5mQ20uTThdK+0kR7UEaDrAWEQcRiBtWJzga4eRpP6afNwwLsX2SET2JhVB1Q==

csstype@^3.1.3:
  version "3.1.3"
  resolved "https://registry.yarnpkg.com/csstype/-/csstype-3.1.3.tgz#d80ff294d114fb0e6ac500fbf85b60137d7eff81"
  integrity sha512-M1uQkMl8rQK/szD0LNhtqxIPLpimGm8sOBwU7lLnCpSbTyY3yeU1Vc7l4KT5zT4s/yOxHH5O7tIuuLOCnLADRw==

de-indent@^1.0.2:
  version "1.0.2"
  resolved "https://registry.yarnpkg.com/de-indent/-/de-indent-1.0.2.tgz#b2038e846dc33baa5796128d0804b455b8c1e21d"
  integrity sha512-e/1zu3xH5MQryN2zdVaF0OrdNLUbvWxzMbi+iNA6Bky7l1RoP8a2fIbRocyHclXt/arDrrR6lL3TqFD9pMQTsg==

entities@^4.5.0:
  version "4.5.0"
  resolved "https://registry.yarnpkg.com/entities/-/entities-4.5.0.tgz#5d268ea5e7113ec74c4d033b79ea5a35a488fb48"
  integrity sha512-V0hjH4dGPh9Ao5p0MoRY6BVqtwCjhz6vI5LT8AJ55H+4g9/4vbHx1I54fS0XuclLhDHArPQCiMjDxjaL8fPxhw==

esbuild@^0.19.3:
  version "0.19.11"
  resolved "https://registry.yarnpkg.com/esbuild/-/esbuild-0.19.11.tgz#4a02dca031e768b5556606e1b468fe72e3325d96"
  integrity sha512-HJ96Hev2hX/6i5cDVwcqiJBBtuo9+FeIJOtZ9W1kA5M6AMJRHUZlpYZ1/SbEwtO0ioNAW8rUooVpC/WehY2SfA==
  optionalDependencies:
    "@esbuild/aix-ppc64" "0.19.11"
    "@esbuild/android-arm" "0.19.11"
    "@esbuild/android-arm64" "0.19.11"
    "@esbuild/android-x64" "0.19.11"
    "@esbuild/darwin-arm64" "0.19.11"
    "@esbuild/darwin-x64" "0.19.11"
    "@esbuild/freebsd-arm64" "0.19.11"
    "@esbuild/freebsd-x64" "0.19.11"
    "@esbuild/linux-arm" "0.19.11"
    "@esbuild/linux-arm64" "0.19.11"
    "@esbuild/linux-ia32" "0.19.11"
    "@esbuild/linux-loong64" "0.19.11"
    "@esbuild/linux-mips64el" "0.19.11"
    "@esbuild/linux-ppc64" "0.19.11"
    "@esbuild/linux-riscv64" "0.19.11"
    "@esbuild/linux-s390x" "0.19.11"
    "@esbuild/linux-x64" "0.19.11"
    "@esbuild/netbsd-x64" "0.19.11"
    "@esbuild/openbsd-x64" "0.19.11"
    "@esbuild/sunos-x64" "0.19.11"
    "@esbuild/win32-arm64" "0.19.11"
    "@esbuild/win32-ia32" "0.19.11"
    "@esbuild/win32-x64" "0.19.11"

estree-walker@^2.0.2:
  version "2.0.2"
  resolved "https://registry.yarnpkg.com/estree-walker/-/estree-walker-2.0.2.tgz#52f010178c2a4c117a7757cfe942adb7d2da4cac"
  integrity sha512-Rfkk/Mp/DL7JVje3u18FxFujQlTNR2q6QfMSMB7AvCBx91NGj/ba3kCfza0f6dVDbw7YlRf/nDrn7pQrCCyQ/w==

ethers@^6.0.0:
  version "6.10.0"
  resolved "https://registry.yarnpkg.com/ethers/-/ethers-6.10.0.tgz#20f3c63c60d59a993f8090ad423d8a3854b3b1cd"
  integrity sha512-nMNwYHzs6V1FR3Y4cdfxSQmNgZsRj1RiTU25JwvnJLmyzw9z3SKxNc2XKDuiXXo/v9ds5Mp9m6HBabgYQQ26tA==
  dependencies:
    "@adraffy/ens-normalize" "1.10.0"
    "@noble/curves" "1.2.0"
    "@noble/hashes" "1.3.2"
    "@types/node" "18.15.13"
    aes-js "4.0.0-beta.5"
    tslib "2.4.0"
    ws "8.5.0"

fsevents@~2.3.2, fsevents@~2.3.3:
  version "2.3.3"
  resolved "https://registry.yarnpkg.com/fsevents/-/fsevents-2.3.3.tgz#cac6407785d03675a2a5e1a5305c697b347d90d6"
  integrity sha512-5xoDfX+fL7faATnagmWPpbFtwh/R77WmMMqqHGS65C3vvB0YHrgF+B1YmZ3441tMj5n63k0212XNoJwzlhffQw==

he@^1.2.0:
  version "1.2.0"
  resolved "https://registry.yarnpkg.com/he/-/he-1.2.0.tgz#84ae65fa7eafb165fddb61566ae14baf05664f0f"
  integrity sha512-F/1DnUGPopORZi0ni+CvrCgHQ5FyEAHRLSApuYWMmrbSwoN2Mn/7k+Gl38gJnR7yyDZk6WLXwiGod1JOWNDKGw==

lru-cache@^6.0.0:
  version "6.0.0"
  resolved "https://registry.yarnpkg.com/lru-cache/-/lru-cache-6.0.0.tgz#6d6fe6570ebd96aaf90fcad1dafa3b2566db3a94"
  integrity sha512-Jo6dJ04CmSjuznwJSS3pUeWmd/H0ffTlkXXgwZi+eq1UCmqQwCh+eLsYOYCwY991i2Fah4h1BEMCx4qThGbsiA==
  dependencies:
    yallist "^4.0.0"

magic-string@^0.30.5:
  version "0.30.5"
  resolved "https://registry.yarnpkg.com/magic-string/-/magic-string-0.30.5.tgz#1994d980bd1c8835dc6e78db7cbd4ae4f24746f9"
  integrity sha512-7xlpfBaQaP/T6Vh8MO/EqXSW5En6INHEvEXQiuff7Gku0PWjU3uf6w/j9o7O+SpB5fOAkrI5HeoNgwjEO0pFsA==
  dependencies:
    "@jridgewell/sourcemap-codec" "^1.4.15"

minimatch@^9.0.3:
  version "9.0.3"
  resolved "https://registry.yarnpkg.com/minimatch/-/minimatch-9.0.3.tgz#a6e00c3de44c3a542bfaae70abfc22420a6da825"
  integrity sha512-RHiac9mvaRw0x3AYRgDC1CxAP7HTcNrrECeA8YYJeWnpo+2Q5CegtZjaotWTWxDG3UeGA1coE05iH1mPjT/2mg==
  dependencies:
    brace-expansion "^2.0.1"

muggle-string@^0.3.1:
  version "0.3.1"
  resolved "https://registry.yarnpkg.com/muggle-string/-/muggle-string-0.3.1.tgz#e524312eb1728c63dd0b2ac49e3282e6ed85963a"
  integrity sha512-ckmWDJjphvd/FvZawgygcUeQCxzvohjFO5RxTjj4eq8kw359gFF3E1brjfI+viLMxss5JrHTDRHZvu2/tuy0Qg==

nanoid@^3.3.7:
  version "3.3.7"
  resolved "https://registry.yarnpkg.com/nanoid/-/nanoid-3.3.7.tgz#d0c301a691bc8d54efa0a2226ccf3fe2fd656bd8"
  integrity sha512-eSRppjcPIatRIMC1U6UngP8XFcz8MQWGQdt1MTBQ7NaAmvXDfvNxbvWV3x2y6CdEUciCSsDHDQZbhYaB8QEo2g==

path-browserify@^1.0.1:
  version "1.0.1"
  resolved "https://registry.yarnpkg.com/path-browserify/-/path-browserify-1.0.1.tgz#d98454a9c3753d5790860f16f68867b9e46be1fd"
  integrity sha512-b7uo2UCUOYZcnF/3ID0lulOJi/bafxa1xPe7ZPsammBSpjSWQkjNxlt635YGS2MiR9GjvuXCtz2emr3jbsz98g==

picocolors@^1.0.0:
  version "1.0.0"
  resolved "https://registry.yarnpkg.com/picocolors/-/picocolors-1.0.0.tgz#cb5bdc74ff3f51892236eaf79d68bc44564ab81c"
  integrity sha512-1fygroTLlHu66zi26VoTDv8yRgm0Fccecssto+MhsZ0D/DGW2sm8E8AjW7NU5VVTRt5GxbeZ5qBuJr+HyLYkjQ==

postcss@^8.4.32, postcss@^8.4.33:
  version "8.4.33"
  resolved "https://registry.yarnpkg.com/postcss/-/postcss-8.4.33.tgz#1378e859c9f69bf6f638b990a0212f43e2aaa742"
  integrity sha512-Kkpbhhdjw2qQs2O2DGX+8m5OVqEcbB9HRBvuYM9pgrjEFUg30A9LmXNlTAUj4S9kgtGyrMbTzVjH7E+s5Re2yg==
  dependencies:
    nanoid "^3.3.7"
    picocolors "^1.0.0"
    source-map-js "^1.0.2"

rollup@^4.2.0:
  version "4.9.6"
  resolved "https://registry.yarnpkg.com/rollup/-/rollup-4.9.6.tgz#4515facb0318ecca254a2ee1315e22e09efc50a0"
  integrity sha512-05lzkCS2uASX0CiLFybYfVkwNbKZG5NFQ6Go0VWyogFTXXbR039UVsegViTntkk4OglHBdF54ccApXRRuXRbsg==
  dependencies:
    "@types/estree" "1.0.5"
  optionalDependencies:
    "@rollup/rollup-android-arm-eabi" "4.9.6"
    "@rollup/rollup-android-arm64" "4.9.6"
    "@rollup/rollup-darwin-arm64" "4.9.6"
    "@rollup/rollup-darwin-x64" "4.9.6"
    "@rollup/rollup-linux-arm-gnueabihf" "4.9.6"
    "@rollup/rollup-linux-arm64-gnu" "4.9.6"
    "@rollup/rollup-linux-arm64-musl" "4.9.6"
    "@rollup/rollup-linux-riscv64-gnu" "4.9.6"
    "@rollup/rollup-linux-x64-gnu" "4.9.6"
    "@rollup/rollup-linux-x64-musl" "4.9.6"
    "@rollup/rollup-win32-arm64-msvc" "4.9.6"
    "@rollup/rollup-win32-ia32-msvc" "4.9.6"
    "@rollup/rollup-win32-x64-msvc" "4.9.6"
    fsevents "~2.3.2"

semver@^7.5.4:
  version "7.5.4"
  resolved "https://registry.yarnpkg.com/semver/-/semver-7.5.4.tgz#483986ec4ed38e1c6c48c34894a9182dbff68a6e"
  integrity sha512-1bCSESV6Pv+i21Hvpxp3Dx+pSD8lIPt8uVjRrxAUt/nbswYc+tK6Y2btiULjd4+fnq15PX+nqQDC7Oft7WkwcA==
  dependencies:
    lru-cache "^6.0.0"

source-map-js@^1.0.2:
  version "1.0.2"
  resolved "https://registry.yarnpkg.com/source-map-js/-/source-map-js-1.0.2.tgz#adbc361d9c62df380125e7f161f71c826f1e490c"
  integrity sha512-R0XvVJ9WusLiqTCEiGCmICCMplcCkIwwR11mOSD9CR5u+IXYdiseeEuXCVAjS54zqwkLcPNnmU4OeJ6tUrWhDw==

tslib@2.4.0:
  version "2.4.0"
  resolved "https://registry.yarnpkg.com/tslib/-/tslib-2.4.0.tgz#7cecaa7f073ce680a05847aa77be941098f36dc3"
  integrity sha512-d6xOpEDfsi2CZVlPQzGeux8XMwLT9hssAsaPYExaQMuYskwb+x1x7J371tWlbBdWHroy99KnVB6qIkUbs5X3UQ==

typescript@^5.2.2:
  version "5.3.3"
  resolved "https://registry.yarnpkg.com/typescript/-/typescript-5.3.3.tgz#b3ce6ba258e72e6305ba66f5c9b452aaee3ffe37"
  integrity sha512-pXWcraxM0uxAS+tN0AG/BF2TyqmHO014Z070UsJ+pFvYuRSq8KH8DmWpnbXe0pEPDHXZV3FcAbJkijJ5oNEnWw==

vite@^5.0.8:
  version "5.0.12"
  resolved "https://registry.yarnpkg.com/vite/-/vite-5.0.12.tgz#8a2ffd4da36c132aec4adafe05d7adde38333c47"
  integrity sha512-4hsnEkG3q0N4Tzf1+t6NdN9dg/L3BM+q8SWgbSPnJvrgH2kgdyzfVJwbR1ic69/4uMJJ/3dqDZZE5/WwqW8U1w==
  dependencies:
    esbuild "^0.19.3"
    postcss "^8.4.32"
    rollup "^4.2.0"
  optionalDependencies:
    fsevents "~2.3.3"

vue-template-compiler@^2.7.14:
  version "2.7.16"
  resolved "https://registry.yarnpkg.com/vue-template-compiler/-/vue-template-compiler-2.7.16.tgz#c81b2d47753264c77ac03b9966a46637482bb03b"
  integrity sha512-AYbUWAJHLGGQM7+cNTELw+KsOG9nl2CnSv467WobS5Cv9uk3wFcnr1Etsz2sEIHEZvw1U+o9mRlEO6QbZvUPGQ==
  dependencies:
    de-indent "^1.0.2"
    he "^1.2.0"

vue-tsc@^1.8.25:
  version "1.8.27"
  resolved "https://registry.yarnpkg.com/vue-tsc/-/vue-tsc-1.8.27.tgz#feb2bb1eef9be28017bb9e95e2bbd1ebdd48481c"
  integrity sha512-WesKCAZCRAbmmhuGl3+VrdWItEvfoFIPXOvUJkjULi+x+6G/Dy69yO3TBRJDr9eUlmsNAwVmxsNZxvHKzbkKdg==
  dependencies:
    "@volar/typescript" "~1.11.1"
    "@vue/language-core" "1.8.27"
    semver "^7.5.4"

vue@^3.3.11:
  version "3.4.15"
  resolved "https://registry.yarnpkg.com/vue/-/vue-3.4.15.tgz#91f979844ffca9239dff622ba4c79c5d5524b88c"
  integrity sha512-jC0GH4KkWLWJOEQjOpkqU1bQsBwf4R1rsFtw5GQJbjHVKWDzO6P0nWWBTmjp1xSemAioDFj1jdaK1qa3DnMQoQ==
  dependencies:
    "@vue/compiler-dom" "3.4.15"
    "@vue/compiler-sfc" "3.4.15"
    "@vue/runtime-dom" "3.4.15"
    "@vue/server-renderer" "3.4.15"
    "@vue/shared" "3.4.15"

ws@8.5.0:
  version "8.5.0"
  resolved "https://registry.yarnpkg.com/ws/-/ws-8.5.0.tgz#bfb4be96600757fe5382de12c670dab984a1ed4f"
  integrity sha512-BWX0SWVgLPzYwF8lTzEy1egjhS4S4OEAHfsO8o65WOVsrnSRGaSiUaa9e0ggGlkMTtBlmOpEXiie9RUcBO86qg==

yallist@^4.0.0:
  version "4.0.0"
  resolved "https://registry.yarnpkg.com/yallist/-/yallist-4.0.0.tgz#9bb92790d9c0effec63be73519e11a35019a3a72"
  integrity sha512-3wdGidZyq5PB084XLES5TpOSRA3wjXAlIWMhum2kRcv/41Sn2emQ0dycQW4uZXLejwKvg6EsvbdlVL+FYEct7A==

zksync-ethers@^6.0.0:
  version "6.1.0"
  resolved "https://registry.yarnpkg.com/zksync-ethers/-/zksync-ethers-6.1.0.tgz#8fcb973cea39463571839b3c77ec75fe3399d2bf"
  integrity sha512-o7pVcPna6yfGljq88mrnoJXALK+nFjZ6rZkuaZ5XahQ26i5dstwgZ7zusuu9neFGXlKqVF6HBirvn+pZ3IKXJA==
